
Microsoft Visual Studio Solution File, Format Version 12.00
# Visual Studio 2012
Project("{FAE04EC0-301F-11D3-BF4B-00C04F79EFBC}") = "Bitgold", "Bitgold\Bitgold.csproj", "{C92A0F43-CF99-4084-9D26-1C9B0663701F}"
EndProject
Global
	GlobalSection(SolutionConfigurationPlatforms) = preSolution
		Debug|Any CPU = Debug|Any CPU
		Release|Any CPU = Release|Any CPU
	EndGlobalSection
	GlobalSection(ProjectConfigurationPlatforms) = postSolution
		{C92A0F43-CF99-4084-9D26-1C9B0663701F}.Debug|Any CPU.ActiveCfg = Debug|Any CPU
		{C92A0F43-CF99-4084-9D26-1C9B0663701F}.Debug|Any CPU.Build.0 = Debug|Any CPU
		{C92A0F43-CF99-4084-9D26-1C9B0663701F}.Release|Any CPU.ActiveCfg = Release|Any CPU
		{C92A0F43-CF99-4084-9D26-1C9B0663701F}.Release|Any CPU.Build.0 = Release|Any CPU
	EndGlobalSection
	GlobalSection(SolutionProperties) = preSolution
		HideSolutionNode = FALSE
	EndGlobalSection
EndGlobal
